
Microsoft Visual Studio Solution File, Format Version 9.00
# Visual Studio 2005
Project("{FAE04EC0-301F-11D3-BF4B-00C04F79EFBC}") = "JSONSharp", "JSONSharp.csproj", "{7844F23D-587D-4376-A3A4-3EDD81F15369}"
EndProject
Project("{FAE04EC0-301F-11D3-BF4B-00C04F79EFBC}") = "JSONSharpExample", "..\example\JSONSharpExample\JSONSharpExample.csproj", "{214DE47E-4A6F-440E-8B97-F95F1670FD62}"
EndProject
Global
	GlobalSection(SolutionConfigurationPlatforms) = preSolution
		Debug|Any CPU = Debug|Any CPU
		Release|Any CPU = Release|Any CPU
	EndGlobalSection
	GlobalSection(ProjectConfigurationPlatforms) = postSolution
		{7844F23D-587D-4376-A3A4-3EDD81F15369}.Debug|Any CPU.ActiveCfg = Debug|Any CPU
		{7844F23D-587D-4376-A3A4-3EDD81F15369}.Debug|Any CPU.Build.0 = Debug|Any CPU
		{7844F23D-587D-4376-A3A4-3EDD81F15369}.Release|Any CPU.ActiveCfg = Release|Any CPU
		{7844F23D-587D-4376-A3A4-3EDD81F15369}.Release|Any CPU.Build.0 = Release|Any CPU
		{214DE47E-4A6F-440E-8B97-F95F1670FD62}.Debug|Any CPU.ActiveCfg = Debug|Any CPU
		{214DE47E-4A6F-440E-8B97-F95F1670FD62}.Debug|Any CPU.Build.0 = Debug|Any CPU
		{214DE47E-4A6F-440E-8B97-F95F1670FD62}.Release|Any CPU.ActiveCfg = Release|Any CPU
		{214DE47E-4A6F-440E-8B97-F95F1670FD62}.Release|Any CPU.Build.0 = Release|Any CPU
	EndGlobalSection
	GlobalSection(SolutionProperties) = preSolution
		HideSolutionNode = FALSE
	EndGlobalSection
EndGlobal
